// !$*UTF8*$!
{
	archiveVersion = 1;
	classes = {
	};
	objectVersion = 50;
	objects = {

/* Begin PBXBuildFile section */
		393BF93625B136B900406203 /* AppDelegate.swift in Sources */ = {isa = PBXBuildFile; fileRef = 393BF93525B136B900406203 /* AppDelegate.swift */; };
		393BF93825B136B900406203 /* SceneDelegate.swift in Sources */ = {isa = PBXBuildFile; fileRef = 393BF93725B136B900406203 /* SceneDelegate.swift */; };
		393BF93F25B136BA00406203 /* Assets.xcassets in Resources */ = {isa = PBXBuildFile; fileRef = 393BF93E25B136BA00406203 /* Assets.xcassets */; };
		393BF94225B136BA00406203 /* LaunchScreen.storyboard in Resources */ = {isa = PBXBuildFile; fileRef = 393BF94025B136BA00406203 /* LaunchScreen.storyboard */; };
		393BF94D25B139A700406203 /* SearchVC.swift in Sources */ = {isa = PBXBuildFile; fileRef = 393BF94C25B139A700406203 /* SearchVC.swift */; };
		393BF95425B13B7000406203 /* FavoritesListVC.swift in Sources */ = {isa = PBXBuildFile; fileRef = 393BF95325B13B7000406203 /* FavoritesListVC.swift */; };
		393BF95725B13EF100406203 /* GFButton.swift in Sources */ = {isa = PBXBuildFile; fileRef = 393BF95625B13EF100406203 /* GFButton.swift */; };
		393BF95A25B143FB00406203 /* GFTextField.swift in Sources */ = {isa = PBXBuildFile; fileRef = 393BF95925B143FB00406203 /* GFTextField.swift */; };
		3982553825B7FB430028B7FE /* GFEmptyStateView.swift in Sources */ = {isa = PBXBuildFile; fileRef = 3982553725B7FB430028B7FE /* GFEmptyStateView.swift */; };
		3982553C25B803840028B7FE /* UserInfoVC.swift in Sources */ = {isa = PBXBuildFile; fileRef = 3982553B25B803840028B7FE /* UserInfoVC.swift */; };
		3982553F25B809440028B7FE /* GFError.swift in Sources */ = {isa = PBXBuildFile; fileRef = 3982553E25B809440028B7FE /* GFError.swift */; };
		3982554325B80A2B0028B7FE /* GFUserInfoHeaderVC.swift in Sources */ = {isa = PBXBuildFile; fileRef = 3982554225B80A2B0028B7FE /* GFUserInfoHeaderVC.swift */; };
		3982554725B80A770028B7FE /* GFSecondaryTitleLabel.swift in Sources */ = {isa = PBXBuildFile; fileRef = 3982554625B80A770028B7FE /* GFSecondaryTitleLabel.swift */; };
		3982554A25B810850028B7FE /* Constants.swift in Sources */ = {isa = PBXBuildFile; fileRef = 3982554925B810850028B7FE /* Constants.swift */; };
		3982554D25B816080028B7FE /* GFItemInfoView.swift in Sources */ = {isa = PBXBuildFile; fileRef = 3982554C25B816080028B7FE /* GFItemInfoView.swift */; };
		3982555025B81A300028B7FE /* GFItemInfoVC.swift in Sources */ = {isa = PBXBuildFile; fileRef = 3982554F25B81A300028B7FE /* GFItemInfoVC.swift */; };
		3982555325B81CDC0028B7FE /* GFRepoItemVC.swift in Sources */ = {isa = PBXBuildFile; fileRef = 3982555225B81CDC0028B7FE /* GFRepoItemVC.swift */; };
		3982555725B81E7C0028B7FE /* GFFollowerItemVC.swift in Sources */ = {isa = PBXBuildFile; fileRef = 3982555625B81E7C0028B7FE /* GFFollowerItemVC.swift */; };
		398756E425B8F7700079B98A /* PersistanceManager.swift in Sources */ = {isa = PBXBuildFile; fileRef = 398756E325B8F7700079B98A /* PersistanceManager.swift */; };
		398756E725B900BF0079B98A /* FavoriteCell.swift in Sources */ = {isa = PBXBuildFile; fileRef = 398756E625B900BF0079B98A /* FavoriteCell.swift */; };
		39A1E56E25B6ACD70071B4E6 /* Follower.swift in Sources */ = {isa = PBXBuildFile; fileRef = 39A1E56D25B6ACD70071B4E6 /* Follower.swift */; };
		39A1E57225B6AD9F0071B4E6 /* User.swift in Sources */ = {isa = PBXBuildFile; fileRef = 39A1E57125B6AD9F0071B4E6 /* User.swift */; };
		39A1E57625B6AEFB0071B4E6 /* NetworkManager.swift in Sources */ = {isa = PBXBuildFile; fileRef = 39A1E57525B6AEFB0071B4E6 /* NetworkManager.swift */; };
		39A1E58025B6B8200071B4E6 /* FollowerCell.swift in Sources */ = {isa = PBXBuildFile; fileRef = 39A1E57F25B6B8200071B4E6 /* FollowerCell.swift */; };
		39A1E58625B6B8910071B4E6 /* GFAvatarImageView.swift in Sources */ = {isa = PBXBuildFile; fileRef = 39A1E58525B6B8910071B4E6 /* GFAvatarImageView.swift */; };
		39A1E58A25B6C1C00071B4E6 /* UIHelper.swift in Sources */ = {isa = PBXBuildFile; fileRef = 39A1E58925B6C1C00071B4E6 /* UIHelper.swift */; };
		39D0915225B82155002262C9 /* Date Ext.swift in Sources */ = {isa = PBXBuildFile; fileRef = 39D0915125B82155002262C9 /* Date Ext.swift */; };
		39D0915525B82178002262C9 /* String Ext.swift in Sources */ = {isa = PBXBuildFile; fileRef = 39D0915425B82178002262C9 /* String Ext.swift */; };
		39DBD5A625B4D23E00589E99 /* FollowerListVC.swift in Sources */ = {isa = PBXBuildFile; fileRef = 39DBD5A525B4D23E00589E99 /* FollowerListVC.swift */; };
		39DBD5AA25B4D5BC00589E99 /* GFTitleLabel.swift in Sources */ = {isa = PBXBuildFile; fileRef = 39DBD5A925B4D5BC00589E99 /* GFTitleLabel.swift */; };
		39DBD5AD25B4D6D700589E99 /* GFBodyLabel.swift in Sources */ = {isa = PBXBuildFile; fileRef = 39DBD5AC25B4D6D700589E99 /* GFBodyLabel.swift */; };
		39DBD5B025B4D79700589E99 /* GFAlertVC.swift in Sources */ = {isa = PBXBuildFile; fileRef = 39DBD5AF25B4D79700589E99 /* GFAlertVC.swift */; };
		39DBD5B325B4F20D00589E99 /* UIViewController Ext.swift in Sources */ = {isa = PBXBuildFile; fileRef = 39DBD5B225B4F20D00589E99 /* UIViewController Ext.swift */; };
/* End PBXBuildFile section */

/* Begin PBXFileReference section */
		393BF93225B136B900406203 /* GHFollowers.app */ = {isa = PBXFileReference; explicitFileType = wrapper.application; includeInIndex = 0; path = GHFollowers.app; sourceTree = BUILT_PRODUCTS_DIR; };
		393BF93525B136B900406203 /* AppDelegate.swift */ = {isa = PBXFileReference; lastKnownFileType = sourcecode.swift; path = AppDelegate.swift; sourceTree = "<group>"; };
		393BF93725B136B900406203 /* SceneDelegate.swift */ = {isa = PBXFileReference; lastKnownFileType = sourcecode.swift; path = SceneDelegate.swift; sourceTree = "<group>"; };
		393BF93E25B136BA00406203 /* Assets.xcassets */ = {isa = PBXFileReference; lastKnownFileType = folder.assetcatalog; path = Assets.xcassets; sourceTree = "<group>"; };
		393BF94125B136BA00406203 /* Base */ = {isa = PBXFileReference; lastKnownFileType = file.storyboard; name = Base; path = Base.lproj/LaunchScreen.storyboard; sourceTree = "<group>"; };
		393BF94C25B139A700406203 /* SearchVC.swift */ = {isa = PBXFileReference; lastKnownFileType = sourcecode.swift; path = SearchVC.swift; sourceTree = "<group>"; };
		393BF95325B13B7000406203 /* FavoritesListVC.swift */ = {isa = PBXFileReference; lastKnownFileType = sourcecode.swift; path = FavoritesListVC.swift; sourceTree = "<group>"; };
		393BF95625B13EF100406203 /* GFButton.swift */ = {isa = PBXFileReference; lastKnownFileType = sourcecode.swift; path = GFButton.swift; sourceTree = "<group>"; };
		393BF95925B143FB00406203 /* GFTextField.swift */ = {isa = PBXFileReference; lastKnownFileType = sourcecode.swift; path = GFTextField.swift; sourceTree = "<group>"; };
		3982553725B7FB430028B7FE /* GFEmptyStateView.swift */ = {isa = PBXFileReference; lastKnownFileType = sourcecode.swift; path = GFEmptyStateView.swift; sourceTree = "<group>"; };
		3982553B25B803840028B7FE /* UserInfoVC.swift */ = {isa = PBXFileReference; lastKnownFileType = sourcecode.swift; path = UserInfoVC.swift; sourceTree = "<group>"; };
		3982553E25B809440028B7FE /* GFError.swift */ = {isa = PBXFileReference; lastKnownFileType = sourcecode.swift; path = GFError.swift; sourceTree = "<group>"; };
		3982554225B80A2B0028B7FE /* GFUserInfoHeaderVC.swift */ = {isa = PBXFileReference; lastKnownFileType = sourcecode.swift; path = GFUserInfoHeaderVC.swift; sourceTree = "<group>"; };
		3982554625B80A770028B7FE /* GFSecondaryTitleLabel.swift */ = {isa = PBXFileReference; lastKnownFileType = sourcecode.swift; path = GFSecondaryTitleLabel.swift; sourceTree = "<group>"; };
		3982554925B810850028B7FE /* Constants.swift */ = {isa = PBXFileReference; lastKnownFileType = sourcecode.swift; path = Constants.swift; sourceTree = "<group>"; };
		3982554C25B816080028B7FE /* GFItemInfoView.swift */ = {isa = PBXFileReference; lastKnownFileType = sourcecode.swift; path = GFItemInfoView.swift; sourceTree = "<group>"; };
		3982554F25B81A300028B7FE /* GFItemInfoVC.swift */ = {isa = PBXFileReference; lastKnownFileType = sourcecode.swift; path = GFItemInfoVC.swift; sourceTree = "<group>"; };
		3982555225B81CDC0028B7FE /* GFRepoItemVC.swift */ = {isa = PBXFileReference; lastKnownFileType = sourcecode.swift; path = GFRepoItemVC.swift; sourceTree = "<group>"; };
		3982555625B81E7C0028B7FE /* GFFollowerItemVC.swift */ = {isa = PBXFileReference; lastKnownFileType = sourcecode.swift; path = GFFollowerItemVC.swift; sourceTree = "<group>"; };
		398756E325B8F7700079B98A /* PersistanceManager.swift */ = {isa = PBXFileReference; lastKnownFileType = sourcecode.swift; path = PersistanceManager.swift; sourceTree = "<group>"; };
		398756E625B900BF0079B98A /* FavoriteCell.swift */ = {isa = PBXFileReference; lastKnownFileType = sourcecode.swift; path = FavoriteCell.swift; sourceTree = "<group>"; };
		39A1E56D25B6ACD70071B4E6 /* Follower.swift */ = {isa = PBXFileReference; lastKnownFileType = sourcecode.swift; path = Follower.swift; sourceTree = "<group>"; };
		39A1E57125B6AD9F0071B4E6 /* User.swift */ = {isa = PBXFileReference; lastKnownFileType = sourcecode.swift; path = User.swift; sourceTree = "<group>"; };
		39A1E57525B6AEFB0071B4E6 /* NetworkManager.swift */ = {isa = PBXFileReference; lastKnownFileType = sourcecode.swift; path = NetworkManager.swift; sourceTree = "<group>"; };
		39A1E57F25B6B8200071B4E6 /* FollowerCell.swift */ = {isa = PBXFileReference; lastKnownFileType = sourcecode.swift; path = FollowerCell.swift; sourceTree = "<group>"; };
		39A1E58525B6B8910071B4E6 /* GFAvatarImageView.swift */ = {isa = PBXFileReference; lastKnownFileType = sourcecode.swift; path = GFAvatarImageView.swift; sourceTree = "<group>"; };
		39A1E58925B6C1C00071B4E6 /* UIHelper.swift */ = {isa = PBXFileReference; lastKnownFileType = sourcecode.swift; path = UIHelper.swift; sourceTree = "<group>"; };
		39D0915125B82155002262C9 /* Date Ext.swift */ = {isa = PBXFileReference; lastKnownFileType = sourcecode.swift; path = "Date Ext.swift"; sourceTree = "<group>"; };
		39D0915425B82178002262C9 /* String Ext.swift */ = {isa = PBXFileReference; lastKnownFileType = sourcecode.swift; path = "String Ext.swift"; sourceTree = "<group>"; };
		39DBD5A525B4D23E00589E99 /* FollowerListVC.swift */ = {isa = PBXFileReference; lastKnownFileType = sourcecode.swift; path = FollowerListVC.swift; sourceTree = "<group>"; };
		39DBD5A925B4D5BC00589E99 /* GFTitleLabel.swift */ = {isa = PBXFileReference; lastKnownFileType = sourcecode.swift; path = GFTitleLabel.swift; sourceTree = "<group>"; };
		39DBD5AC25B4D6D700589E99 /* GFBodyLabel.swift */ = {isa = PBXFileReference; lastKnownFileType = sourcecode.swift; path = GFBodyLabel.swift; sourceTree = "<group>"; };
		39DBD5AF25B4D79700589E99 /* GFAlertVC.swift */ = {isa = PBXFileReference; lastKnownFileType = sourcecode.swift; path = GFAlertVC.swift; sourceTree = "<group>"; };
		39DBD5B225B4F20D00589E99 /* UIViewController Ext.swift */ = {isa = PBXFileReference; lastKnownFileType = sourcecode.swift; path = "UIViewController Ext.swift"; sourceTree = "<group>"; };
/* End PBXFileReference section */

/* Begin PBXFrameworksBuildPhase section */
		393BF92F25B136B900406203 /* Frameworks */ = {
			isa = PBXFrameworksBuildPhase;
			buildActionMask = 2147483647;
			files = (
			);
			runOnlyForDeploymentPostprocessing = 0;
		};
/* End PBXFrameworksBuildPhase section */

/* Begin PBXGroup section */
		393BF92925B136B900406203 = {
			isa = PBXGroup;
			children = (
				393BF93425B136B900406203 /* GHFollowers */,
				393BF93325B136B900406203 /* Products */,
			);
			sourceTree = "<group>";
		};
		393BF93325B136B900406203 /* Products */ = {
			isa = PBXGroup;
			children = (
				393BF93225B136B900406203 /* GHFollowers.app */,
			);
			name = Products;
			sourceTree = "<group>";
		};
		393BF93425B136B900406203 /* GHFollowers */ = {
			isa = PBXGroup;
			children = (
				39A1E57925B6B3270071B4E6 /* Utilities */,
				39A1E57425B6AEED0071B4E6 /* Managers */,
				39A1E56C25B6ACCF0071B4E6 /* Model */,
				39DBD5BC25B4F42200589E99 /* Support */,
				39DBD5BA25B4F3EC00589E99 /* Extensions */,
				39DBD5B625B4F3BE00589E99 /* Custom Views */,
				39DBD5B525B4F3B000589E99 /* Screens */,
			);
			path = GHFollowers;
			sourceTree = "<group>";
		};
		3982553525B7FB170028B7FE /* ViewControllers */ = {
			isa = PBXGroup;
			children = (
				3982555925B81ECD0028B7FE /* ItemInfoVCs */,
				39DBD5AF25B4D79700589E99 /* GFAlertVC.swift */,
				3982554225B80A2B0028B7FE /* GFUserInfoHeaderVC.swift */,
			);
			path = ViewControllers;
			sourceTree = "<group>";
		};
		3982553625B7FB2E0028B7FE /* Views */ = {
			isa = PBXGroup;
			children = (
				3982553725B7FB430028B7FE /* GFEmptyStateView.swift */,
				3982554C25B816080028B7FE /* GFItemInfoView.swift */,
			);
			path = Views;
			sourceTree = "<group>";
		};
		3982555925B81ECD0028B7FE /* ItemInfoVCs */ = {
			isa = PBXGroup;
			children = (
				3982554F25B81A300028B7FE /* GFItemInfoVC.swift */,
				3982555225B81CDC0028B7FE /* GFRepoItemVC.swift */,
				3982555625B81E7C0028B7FE /* GFFollowerItemVC.swift */,
			);
			path = ItemInfoVCs;
			sourceTree = "<group>";
		};
		39A1E56C25B6ACCF0071B4E6 /* Model */ = {
			isa = PBXGroup;
			children = (
				39A1E56D25B6ACD70071B4E6 /* Follower.swift */,
				39A1E57125B6AD9F0071B4E6 /* User.swift */,
			);
			path = Model;
			sourceTree = "<group>";
		};
		39A1E57425B6AEED0071B4E6 /* Managers */ = {
			isa = PBXGroup;
			children = (
				39A1E57525B6AEFB0071B4E6 /* NetworkManager.swift */,
				398756E325B8F7700079B98A /* PersistanceManager.swift */,
			);
			path = Managers;
			sourceTree = "<group>";
		};
		39A1E57925B6B3270071B4E6 /* Utilities */ = {
			isa = PBXGroup;
			children = (
				3982553E25B809440028B7FE /* GFError.swift */,
				39A1E58925B6C1C00071B4E6 /* UIHelper.swift */,
				3982554925B810850028B7FE /* Constants.swift */,
			);
			path = Utilities;
			sourceTree = "<group>";
		};
		39A1E57E25B6B8040071B4E6 /* Cells */ = {
			isa = PBXGroup;
			children = (
				39A1E57F25B6B8200071B4E6 /* FollowerCell.swift */,
				398756E625B900BF0079B98A /* FavoriteCell.swift */,
			);
			path = Cells;
			sourceTree = "<group>";
		};
		39A1E58425B6B8800071B4E6 /* ImageViews */ = {
			isa = PBXGroup;
			children = (
				39A1E58525B6B8910071B4E6 /* GFAvatarImageView.swift */,
			);
			path = ImageViews;
			sourceTree = "<group>";
		};
		39DBD5B525B4F3B000589E99 /* Screens */ = {
			isa = PBXGroup;
			children = (
				393BF94C25B139A700406203 /* SearchVC.swift */,
				39DBD5A525B4D23E00589E99 /* FollowerListVC.swift */,
				393BF95325B13B7000406203 /* FavoritesListVC.swift */,
				3982553B25B803840028B7FE /* UserInfoVC.swift */,
			);
			path = Screens;
			sourceTree = "<group>";
		};
		39DBD5B625B4F3BE00589E99 /* Custom Views */ = {
			isa = PBXGroup;
			children = (
				3982553625B7FB2E0028B7FE /* Views */,
				3982553525B7FB170028B7FE /* ViewControllers */,
				39A1E58425B6B8800071B4E6 /* ImageViews */,
				39A1E57E25B6B8040071B4E6 /* Cells */,
				39DBD5B925B4F3DB00589E99 /* Text Fields */,
				39DBD5B825B4F3D100589E99 /* Labels */,
				39DBD5B725B4F3C500589E99 /* Buttons */,
			);
			path = "Custom Views";
			sourceTree = "<group>";
		};
		39DBD5B725B4F3C500589E99 /* Buttons */ = {
			isa = PBXGroup;
			children = (
				393BF95625B13EF100406203 /* GFButton.swift */,
			);
			path = Buttons;
			sourceTree = "<group>";
		};
		39DBD5B825B4F3D100589E99 /* Labels */ = {
			isa = PBXGroup;
			children = (
				39DBD5A925B4D5BC00589E99 /* GFTitleLabel.swift */,
				39DBD5AC25B4D6D700589E99 /* GFBodyLabel.swift */,
				3982554625B80A770028B7FE /* GFSecondaryTitleLabel.swift */,
			);
			path = Labels;
			sourceTree = "<group>";
		};
		39DBD5B925B4F3DB00589E99 /* Text Fields */ = {
			isa = PBXGroup;
			children = (
				393BF95925B143FB00406203 /* GFTextField.swift */,
			);
			path = "Text Fields";
			sourceTree = "<group>";
		};
		39DBD5BA25B4F3EC00589E99 /* Extensions */ = {
			isa = PBXGroup;
			children = (
				39DBD5B225B4F20D00589E99 /* UIViewController Ext.swift */,
				39D0915125B82155002262C9 /* Date Ext.swift */,
				39D0915425B82178002262C9 /* String Ext.swift */,
			);
			path = Extensions;
			sourceTree = "<group>";
		};
		39DBD5BC25B4F42200589E99 /* Support */ = {
			isa = PBXGroup;
			children = (
				393BF93525B136B900406203 /* AppDelegate.swift */,
				393BF93725B136B900406203 /* SceneDelegate.swift */,
				393BF93E25B136BA00406203 /* Assets.xcassets */,
				393BF94025B136BA00406203 /* LaunchScreen.storyboard */,
			);
			path = Support;
			sourceTree = "<group>";
		};
/* End PBXGroup section */

/* Begin PBXNativeTarget section */
		393BF93125B136B900406203 /* GHFollowers */ = {
			isa = PBXNativeTarget;
			buildConfigurationList = 393BF94625B136BA00406203 /* Build configuration list for PBXNativeTarget "GHFollowers" */;
			buildPhases = (
				393BF92E25B136B900406203 /* Sources */,
				393BF92F25B136B900406203 /* Frameworks */,
				393BF93025B136B900406203 /* Resources */,
			);
			buildRules = (
			);
			dependencies = (
			);
			name = GHFollowers;
			productName = GHFollowers;
			productReference = 393BF93225B136B900406203 /* GHFollowers.app */;
			productType = "com.apple.product-type.application";
		};
/* End PBXNativeTarget section */

/* Begin PBXProject section */
		393BF92A25B136B900406203 /* Project object */ = {
			isa = PBXProject;
			attributes = {
				LastSwiftUpdateCheck = 1230;
				LastUpgradeCheck = 1230;
				TargetAttributes = {
					393BF93125B136B900406203 = {
						CreatedOnToolsVersion = 12.3;
					};
				};
			};
			buildConfigurationList = 393BF92D25B136B900406203 /* Build configuration list for PBXProject "GHFollowers" */;
			compatibilityVersion = "Xcode 9.3";
			developmentRegion = en;
			hasScannedForEncodings = 0;
			knownRegions = (
				en,
				Base,
			);
			mainGroup = 393BF92925B136B900406203;
			productRefGroup = 393BF93325B136B900406203 /* Products */;
			projectDirPath = "";
			projectRoot = "";
			targets = (
				393BF93125B136B900406203 /* GHFollowers */,
			);
		};
/* End PBXProject section */

/* Begin PBXResourcesBuildPhase section */
		393BF93025B136B900406203 /* Resources */ = {
			isa = PBXResourcesBuildPhase;
			buildActionMask = 2147483647;
			files = (
				393BF94225B136BA00406203 /* LaunchScreen.storyboard in Resources */,
				393BF93F25B136BA00406203 /* Assets.xcassets in Resources */,
			);
			runOnlyForDeploymentPostprocessing = 0;
		};
/* End PBXResourcesBuildPhase section */

/* Begin PBXSourcesBuildPhase section */
		393BF92E25B136B900406203 /* Sources */ = {
			isa = PBXSourcesBuildPhase;
			buildActionMask = 2147483647;
			files = (
				39A1E57225B6AD9F0071B4E6 /* User.swift in Sources */,
				393BF95A25B143FB00406203 /* GFTextField.swift in Sources */,
				393BF95425B13B7000406203 /* FavoritesListVC.swift in Sources */,
				39D0915525B82178002262C9 /* String Ext.swift in Sources */,
				393BF95725B13EF100406203 /* GFButton.swift in Sources */,
				393BF94D25B139A700406203 /* SearchVC.swift in Sources */,
				39A1E58A25B6C1C00071B4E6 /* UIHelper.swift in Sources */,
				3982555025B81A300028B7FE /* GFItemInfoVC.swift in Sources */,
				3982554A25B810850028B7FE /* Constants.swift in Sources */,
				39A1E58625B6B8910071B4E6 /* GFAvatarImageView.swift in Sources */,
				39DBD5B025B4D79700589E99 /* GFAlertVC.swift in Sources */,
				3982553F25B809440028B7FE /* GFError.swift in Sources */,
				3982555725B81E7C0028B7FE /* GFFollowerItemVC.swift in Sources */,
				3982554D25B816080028B7FE /* GFItemInfoView.swift in Sources */,
				398756E725B900BF0079B98A /* FavoriteCell.swift in Sources */,
				39DBD5AD25B4D6D700589E99 /* GFBodyLabel.swift in Sources */,
				398756E425B8F7700079B98A /* PersistanceManager.swift in Sources */,
				39A1E58025B6B8200071B4E6 /* FollowerCell.swift in Sources */,
				3982554325B80A2B0028B7FE /* GFUserInfoHeaderVC.swift in Sources */,
				39D0915225B82155002262C9 /* Date Ext.swift in Sources */,
				39DBD5AA25B4D5BC00589E99 /* GFTitleLabel.swift in Sources */,
				39A1E56E25B6ACD70071B4E6 /* Follower.swift in Sources */,
				39DBD5A625B4D23E00589E99 /* FollowerListVC.swift in Sources */,
				3982554725B80A770028B7FE /* GFSecondaryTitleLabel.swift in Sources */,
				3982553825B7FB430028B7FE /* GFEmptyStateView.swift in Sources */,
				39A1E57625B6AEFB0071B4E6 /* NetworkManager.swift in Sources */,
				39DBD5B325B4F20D00589E99 /* UIViewController Ext.swift in Sources */,
				393BF93625B136B900406203 /* AppDelegate.swift in Sources */,
				393BF93825B136B900406203 /* SceneDelegate.swift in Sources */,
				3982555325B81CDC0028B7FE /* GFRepoItemVC.swift in Sources */,
				3982553C25B803840028B7FE /* UserInfoVC.swift in Sources */,
			);
			runOnlyForDeploymentPostprocessing = 0;
		};
/* End PBXSourcesBuildPhase section */

/* Begin PBXVariantGroup section */
		393BF94025B136BA00406203 /* LaunchScreen.storyboard */ = {
			isa = PBXVariantGroup;
			children = (
				393BF94125B136BA00406203 /* Base */,
			);
			name = LaunchScreen.storyboard;
			sourceTree = "<group>";
		};
/* End PBXVariantGroup section */

/* Begin XCBuildConfiguration section */
		393BF94425B136BA00406203 /* Debug */ = {
			isa = XCBuildConfiguration;
			buildSettings = {
				ALWAYS_SEARCH_USER_PATHS = NO;
				CLANG_ANALYZER_NONNULL = YES;
				CLANG_ANALYZER_NUMBER_OBJECT_CONVERSION = YES_AGGRESSIVE;
				CLANG_CXX_LANGUAGE_STANDARD = "gnu++14";
				CLANG_CXX_LIBRARY = "libc++";
				CLANG_ENABLE_MODULES = YES;
				CLANG_ENABLE_OBJC_ARC = YES;
				CLANG_ENABLE_OBJC_WEAK = YES;
				CLANG_WARN_BLOCK_CAPTURE_AUTORELEASING = YES;
				CLANG_WARN_BOOL_CONVERSION = YES;
				CLANG_WARN_COMMA = YES;
				CLANG_WARN_CONSTANT_CONVERSION = YES;
				CLANG_WARN_DEPRECATED_OBJC_IMPLEMENTATIONS = YES;
				CLANG_WARN_DIRECT_OBJC_ISA_USAGE = YES_ERROR;
				CLANG_WARN_DOCUMENTATION_COMMENTS = YES;
				CLANG_WARN_EMPTY_BODY = YES;
				CLANG_WARN_ENUM_CONVERSION = YES;
				CLANG_WARN_INFINITE_RECURSION = YES;
				CLANG_WARN_INT_CONVERSION = YES;
				CLANG_WARN_NON_LITERAL_NULL_CONVERSION = YES;
				CLANG_WARN_OBJC_IMPLICIT_RETAIN_SELF = YES;
				CLANG_WARN_OBJC_LITERAL_CONVERSION = YES;
				CLANG_WARN_OBJC_ROOT_CLASS = YES_ERROR;
				CLANG_WARN_QUOTED_INCLUDE_IN_FRAMEWORK_HEADER = YES;
				CLANG_WARN_RANGE_LOOP_ANALYSIS = YES;
				CLANG_WARN_STRICT_PROTOTYPES = YES;
				CLANG_WARN_SUSPICIOUS_MOVE = YES;
				CLANG_WARN_UNGUARDED_AVAILABILITY = YES_AGGRESSIVE;
				CLANG_WARN_UNREACHABLE_CODE = YES;
				CLANG_WARN__DUPLICATE_METHOD_MATCH = YES;
				COPY_PHASE_STRIP = NO;
				DEBUG_INFORMATION_FORMAT = dwarf;
				ENABLE_STRICT_OBJC_MSGSEND = YES;
				ENABLE_TESTABILITY = YES;
				GCC_C_LANGUAGE_STANDARD = gnu11;
				GCC_DYNAMIC_NO_PIC = NO;
				GCC_NO_COMMON_BLOCKS = YES;
				GCC_OPTIMIZATION_LEVEL = 0;
				GCC_PREPROCESSOR_DEFINITIONS = (
					"DEBUG=1",
					"$(inherited)",
				);
				GCC_WARN_64_TO_32_BIT_CONVERSION = YES;
				GCC_WARN_ABOUT_RETURN_TYPE = YES_ERROR;
				GCC_WARN_UNDECLARED_SELECTOR = YES;
				GCC_WARN_UNINITIALIZED_AUTOS = YES_AGGRESSIVE;
				GCC_WARN_UNUSED_FUNCTION = YES;
				GCC_WARN_UNUSED_VARIABLE = YES;
				IPHONEOS_DEPLOYMENT_TARGET = 14.0;
				MTL_ENABLE_DEBUG_INFO = INCLUDE_SOURCE;
				MTL_FAST_MATH = YES;
				ONLY_ACTIVE_ARCH = YES;
				SDKROOT = iphoneos;
				SWIFT_ACTIVE_COMPILATION_CONDITIONS = DEBUG;
				SWIFT_OPTIMIZATION_LEVEL = "-Onone";
			};
			name = Debug;
		};
		393BF94525B136BA00406203 /* Release */ = {
			isa = XCBuildConfiguration;
			buildSettings = {
				ALWAYS_SEARCH_USER_PATHS = NO;
				CLANG_ANALYZER_NONNULL = YES;
				CLANG_ANALYZER_NUMBER_OBJECT_CONVERSION = YES_AGGRESSIVE;
				CLANG_CXX_LANGUAGE_STANDARD = "gnu++14";
				CLANG_CXX_LIBRARY = "libc++";
				CLANG_ENABLE_MODULES = YES;
				CLANG_ENABLE_OBJC_ARC = YES;
				CLANG_ENABLE_OBJC_WEAK = YES;
				CLANG_WARN_BLOCK_CAPTURE_AUTORELEASING = YES;
				CLANG_WARN_BOOL_CONVERSION = YES;
				CLANG_WARN_COMMA = YES;
				CLANG_WARN_CONSTANT_CONVERSION = YES;
				CLANG_WARN_DEPRECATED_OBJC_IMPLEMENTATIONS = YES;
				CLANG_WARN_DIRECT_OBJC_ISA_USAGE = YES_ERROR;
				CLANG_WARN_DOCUMENTATION_COMMENTS = YES;
				CLANG_WARN_EMPTY_BODY = YES;
				CLANG_WARN_ENUM_CONVERSION = YES;
				CLANG_WARN_INFINITE_RECURSION = YES;
				CLANG_WARN_INT_CONVERSION = YES;
				CLANG_WARN_NON_LITERAL_NULL_CONVERSION = YES;
				CLANG_WARN_OBJC_IMPLICIT_RETAIN_SELF = YES;
				CLANG_WARN_OBJC_LITERAL_CONVERSION = YES;
				CLANG_WARN_OBJC_ROOT_CLASS = YES_ERROR;
				CLANG_WARN_QUOTED_INCLUDE_IN_FRAMEWORK_HEADER = YES;
				CLANG_WARN_RANGE_LOOP_ANALYSIS = YES;
				CLANG_WARN_STRICT_PROTOTYPES = YES;
				CLANG_WARN_SUSPICIOUS_MOVE = YES;
				CLANG_WARN_UNGUARDED_AVAILABILITY = YES_AGGRESSIVE;
				CLANG_WARN_UNREACHABLE_CODE = YES;
				CLANG_WARN__DUPLICATE_METHOD_MATCH = YES;
				COPY_PHASE_STRIP = NO;
				DEBUG_INFORMATION_FORMAT = "dwarf-with-dsym";
				ENABLE_NS_ASSERTIONS = NO;
				ENABLE_STRICT_OBJC_MSGSEND = YES;
				GCC_C_LANGUAGE_STANDARD = gnu11;
				GCC_NO_COMMON_BLOCKS = YES;
				GCC_WARN_64_TO_32_BIT_CONVERSION = YES;
				GCC_WARN_ABOUT_RETURN_TYPE = YES_ERROR;
				GCC_WARN_UNDECLARED_SELECTOR = YES;
				GCC_WARN_UNINITIALIZED_AUTOS = YES_AGGRESSIVE;
				GCC_WARN_UNUSED_FUNCTION = YES;
				GCC_WARN_UNUSED_VARIABLE = YES;
				IPHONEOS_DEPLOYMENT_TARGET = 14.0;
				MTL_ENABLE_DEBUG_INFO = NO;
				MTL_FAST_MATH = YES;
				SDKROOT = iphoneos;
				SWIFT_COMPILATION_MODE = wholemodule;
				SWIFT_OPTIMIZATION_LEVEL = "-O";
				VALIDATE_PRODUCT = YES;
			};
			name = Release;
		};
		393BF94725B136BA00406203 /* Debug */ = {
			isa = XCBuildConfiguration;
			buildSettings = {
				ASSETCATALOG_COMPILER_APPICON_NAME = AppIcon;
				ASSETCATALOG_COMPILER_GLOBAL_ACCENT_COLOR_NAME = AccentColor;
				CODE_SIGN_STYLE = Automatic;
				DEVELOPMENT_TEAM = RVU9UWUNLJ;
				INFOPLIST_FILE = GHFollowers/Info.plist;
				LD_RUNPATH_SEARCH_PATHS = (
					"$(inherited)",
					"@executable_path/Frameworks",
				);
				PRODUCT_BUNDLE_IDENTIFIER = com.lucaiatropulus.GHFollowers;
				PRODUCT_NAME = "$(TARGET_NAME)";
				SWIFT_VERSION = 5.0;
				TARGETED_DEVICE_FAMILY = 1;
			};
			name = Debug;
		};
		393BF94825B136BA00406203 /* Release */ = {
			isa = XCBuildConfiguration;
			buildSettings = {
				ASSETCATALOG_COMPILER_APPICON_NAME = AppIcon;
				ASSETCATALOG_COMPILER_GLOBAL_ACCENT_COLOR_NAME = AccentColor;
				CODE_SIGN_STYLE = Automatic;
				DEVELOPMENT_TEAM = RVU9UWUNLJ;
				INFOPLIST_FILE = GHFollowers/Info.plist;
				LD_RUNPATH_SEARCH_PATHS = (
					"$(inherited)",
					"@executable_path/Frameworks",
				);
				PRODUCT_BUNDLE_IDENTIFIER = com.lucaiatropulus.GHFollowers;
				PRODUCT_NAME = "$(TARGET_NAME)";
				SWIFT_VERSION = 5.0;
				TARGETED_DEVICE_FAMILY = 1;
			};
			name = Release;
		};
/* End XCBuildConfiguration section */

/* Begin XCConfigurationList section */
		393BF92D25B136B900406203 /* Build configuration list for PBXProject "GHFollowers" */ = {
			isa = XCConfigurationList;
			buildConfigurations = (
				393BF94425B136BA00406203 /* Debug */,
				393BF94525B136BA00406203 /* Release */,
			);
			defaultConfigurationIsVisible = 0;
			defaultConfigurationName = Release;
		};
		393BF94625B136BA00406203 /* Build configuration list for PBXNativeTarget "GHFollowers" */ = {
			isa = XCConfigurationList;
			buildConfigurations = (
				393BF94725B136BA00406203 /* Debug */,
				393BF94825B136BA00406203 /* Release */,
			);
			defaultConfigurationIsVisible = 0;
			defaultConfigurationName = Release;
		};
/* End XCConfigurationList section */
	};
	rootObject = 393BF92A25B136B900406203 /* Project object */;
}
